
Microsoft Visual Studio Solution File, Format Version 12.00
# Visual Studio Version 17
VisualStudioVersion = 17.5.33424.131
MinimumVisualStudioVersion = 10.0.40219.1
Project("{8BC9CEB8-8B4A-11D0-8D11-00A0C91BC942}") = "pemrograman dasar part 3", "pemrograman dasar part 3\pemrograman dasar part 3.vcxproj", "{D35EF8D7-D915-4200-B0F0-42BF38A55FEE}"
EndProject
Global
	GlobalSection(SolutionConfigurationPlatforms) = preSolution
		Debug|x64 = Debug|x64
		Debug|x86 = Debug|x86
		Release|x64 = Release|x64
		Release|x86 = Release|x86
	EndGlobalSection
	GlobalSection(ProjectConfigurationPlatforms) = postSolution
		{D35EF8D7-D915-4200-B0F0-42BF38A55FEE}.Debug|x64.ActiveCfg = Debug|x64
		{D35EF8D7-D915-4200-B0F0-42BF38A55FEE}.Debug|x64.Build.0 = Debug|x64
		{D35EF8D7-D915-4200-B0F0-42BF38A55FEE}.Debug|x86.ActiveCfg = Debug|Win32
		{D35EF8D7-D915-4200-B0F0-42BF38A55FEE}.Debug|x86.Build.0 = Debug|Win32
		{D35EF8D7-D915-4200-B0F0-42BF38A55FEE}.Release|x64.ActiveCfg = Release|x64
		{D35EF8D7-D915-4200-B0F0-42BF38A55FEE}.Release|x64.Build.0 = Release|x64
		{D35EF8D7-D915-4200-B0F0-42BF38A55FEE}.Release|x86.ActiveCfg = Release|Win32
		{D35EF8D7-D915-4200-B0F0-42BF38A55FEE}.Release|x86.Build.0 = Release|Win32
	EndGlobalSection
	GlobalSection(SolutionProperties) = preSolution
		HideSolutionNode = FALSE
	EndGlobalSection
	GlobalSection(ExtensibilityGlobals) = postSolution
		SolutionGuid = {03D28F8D-410B-4757-AFA1-72B789B14416}
	EndGlobalSection
EndGlobal
